PODS:
  - BarrageRendererTV (2.1.1)
  - MLEmojiLabel (1.0.2):
    - TTTAttributedLabel (~> 1.13.4)
  - TTTAttributedLabel (1.13.4)

DEPENDENCIES:
  - BarrageRendererTV (from `../`)
  - MLEmojiLabel (~> 1.0.0)

SPEC REPOS:
  trunk:
    - MLEmojiLabel
    - TTTAttributedLabel

EXTERNAL SOURCES:
  BarrageRendererTV:
    :path: "../"

SPEC CHECKSUMS:
  BarrageRendererTV: 04734671f024e946fd8f8b986cf2ed487afd871e
  MLEmojiLabel: 36d73c19f9975cbf9def24e5bc135263b0337fd8
  TTTAttributedLabel: 0a2ac7b2dd726d32a070dafb01446026b11e624f

PODFILE CHECKSUM: a79bee01a1da79331e49adef38841833e5f294b4

COCOAPODS: 1.10.1
